// !$*UTF8*$!
{
	archiveVersion = 1;
	classes = {
	};
	objectVersion = 47;
	objects = {

/* Begin PBXBuildFile section */
		2E0E9A831C34976000CB2B8A /* DuckDuckGoSearchController.swift in Sources */ = {isa = PBXBuildFile; fileRef = 2E0E9A821C34976000CB2B8A /* DuckDuckGoSearchController.swift */; };
		2E0E9A851C3498F600CB2B8A /* ImageSearchResult.swift in Sources */ = {isa = PBXBuildFile; fileRef = 2E0E9A841C3498F600CB2B8A /* ImageSearchResult.swift */; };
		2E48ACF91C342E7300E59DE5 /* StarWarsSpecies.swift in Sources */ = {isa = PBXBuildFile; fileRef = 2E48ACF81C342E7300E59DE5 /* StarWarsSpecies.swift */; };
		2E48ACFB1C34303200E59DE5 /* SpeciesWrapper.swift in Sources */ = {isa = PBXBuildFile; fileRef = 2E48ACFA1C34303200E59DE5 /* SpeciesWrapper.swift */; };
		2E48ACFE1C34406900E59DE5 /* StringArrayConvertible.swift in Sources */ = {isa = PBXBuildFile; fileRef = 2E48ACFD1C34406900E59DE5 /* StringArrayConvertible.swift */; };
		2E48AD001C3440BD00E59DE5 /* DetailViewController.swift in Sources */ = {isa = PBXBuildFile; fileRef = 2E48ACFF1C3440BD00E59DE5 /* DetailViewController.swift */; };
		2E7F32FA1F672CCD00E68449 /* PopupVC.swift in Sources */ = {isa = PBXBuildFile; fileRef = 2E7F32F91F672CCD00E68449 /* PopupVC.swift */; };
		2E88BBC41D1AF2400018C946 /* AlamofireRequest.swift in Sources */ = {isa = PBXBuildFile; fileRef = 2E88BBC31D1AF2400018C946 /* AlamofireRequest.swift */; };
		2E911BF11C56A764003BB91D /* Licensed Swift File.swift in Sources */ = {isa = PBXBuildFile; fileRef = 2E911BF01C56A764003BB91D /* Licensed Swift File.swift */; };
		2EBE481B1C497CED00F811A5 /* Theme.swift in Sources */ = {isa = PBXBuildFile; fileRef = 2EBE481A1C497CED00F811A5 /* Theme.swift */; };
		2EC8C1C81F2C244000B69538 /* BeatAnimator.swift in Sources */ = {isa = PBXBuildFile; fileRef = 2EC8C1C71F2C244000B69538 /* BeatAnimator.swift */; };
		2EE6305A1C342A7800FF2820 /* AppDelegate.swift in Sources */ = {isa = PBXBuildFile; fileRef = 2EE630591C342A7800FF2820 /* AppDelegate.swift */; };
		2EE6305C1C342A7800FF2820 /* ViewController.swift in Sources */ = {isa = PBXBuildFile; fileRef = 2EE6305B1C342A7800FF2820 /* ViewController.swift */; };
		2EE6305F1C342A7800FF2820 /* Main.storyboard in Resources */ = {isa = PBXBuildFile; fileRef = 2EE6305D1C342A7800FF2820 /* Main.storyboard */; };
		2EE630611C342A7800FF2820 /* Assets.xcassets in Resources */ = {isa = PBXBuildFile; fileRef = 2EE630601C342A7800FF2820 /* Assets.xcassets */; };
		2EE630641C342A7800FF2820 /* LaunchScreen.storyboard in Resources */ = {isa = PBXBuildFile; fileRef = 2EE630621C342A7800FF2820 /* LaunchScreen.storyboard */; };
		EF14993C6BD88A02D1DD8A56 /* Pods_startwars.framework in Frameworks */ = {isa = PBXBuildFile; fileRef = 341CC056C27A66942F746587 /* Pods_startwars.framework */; };
/* End PBXBuildFile section */

/* Begin PBXFileReference section */
		2240963FAC3B4D9CFA21CF6C /* Pods.framework */ = {isa = PBXFileReference; explicitFileType = wrapper.framework; includeInIndex = 0; path = Pods.framework; sourceTree = BUILT_PRODUCTS_DIR; };
		2E0E9A821C34976000CB2B8A /* DuckDuckGoSearchController.swift */ = {isa = PBXFileReference; fileEncoding = 4; lastKnownFileType = sourcecode.swift; path = DuckDuckGoSearchController.swift; sourceTree = "<group>"; };
		2E0E9A841C3498F600CB2B8A /* ImageSearchResult.swift */ = {isa = PBXFileReference; fileEncoding = 4; lastKnownFileType = sourcecode.swift; path = ImageSearchResult.swift; sourceTree = "<group>"; };
		2E48ACF81C342E7300E59DE5 /* StarWarsSpecies.swift */ = {isa = PBXFileReference; fileEncoding = 4; lastKnownFileType = sourcecode.swift; path = StarWarsSpecies.swift; sourceTree = "<group>"; };
		2E48ACFA1C34303200E59DE5 /* SpeciesWrapper.swift */ = {isa = PBXFileReference; fileEncoding = 4; lastKnownFileType = sourcecode.swift; path = SpeciesWrapper.swift; sourceTree = "<group>"; };
		2E48ACFD1C34406900E59DE5 /* StringArrayConvertible.swift */ = {isa = PBXFileReference; fileEncoding = 4; lastKnownFileType = sourcecode.swift; path = StringArrayConvertible.swift; sourceTree = "<group>"; };
		2E48ACFF1C3440BD00E59DE5 /* DetailViewController.swift */ = {isa = PBXFileReference; fileEncoding = 4; lastKnownFileType = sourcecode.swift; path = DetailViewController.swift; sourceTree = "<group>"; };
		2E7F32F91F672CCD00E68449 /* PopupVC.swift */ = {isa = PBXFileReference; fileEncoding = 4; lastKnownFileType = sourcecode.swift; path = PopupVC.swift; sourceTree = "<group>"; };
		2E88BBC31D1AF2400018C946 /* AlamofireRequest.swift */ = {isa = PBXFileReference; fileEncoding = 4; lastKnownFileType = sourcecode.swift; path = AlamofireRequest.swift; sourceTree = "<group>"; };
		2E911BF01C56A764003BB91D /* Licensed Swift File.swift */ = {isa = PBXFileReference; fileEncoding = 4; lastKnownFileType = sourcecode.swift; path = "Licensed Swift File.swift"; sourceTree = "<group>"; };
		2EBE481A1C497CED00F811A5 /* Theme.swift */ = {isa = PBXFileReference; fileEncoding = 4; lastKnownFileType = sourcecode.swift; path = Theme.swift; sourceTree = "<group>"; };
		2EC8C1C71F2C244000B69538 /* BeatAnimator.swift */ = {isa = PBXFileReference; fileEncoding = 4; lastKnownFileType = sourcecode.swift; path = BeatAnimator.swift; sourceTree = "<group>"; };
		2EE630561C342A7800FF2820 /* startwars.app */ = {isa = PBXFileReference; explicitFileType = wrapper.application; includeInIndex = 0; path = startwars.app; sourceTree = BUILT_PRODUCTS_DIR; };
		2EE630591C342A7800FF2820 /* AppDelegate.swift */ = {isa = PBXFileReference; lastKnownFileType = sourcecode.swift; name = AppDelegate.swift; path = startwars/AppDelegate.swift; sourceTree = "<group>"; };
		2EE6305B1C342A7800FF2820 /* ViewController.swift */ = {isa = PBXFileReference; lastKnownFileType = sourcecode.swift; path = ViewController.swift; sourceTree = "<group>"; };
		2EE6305E1C342A7800FF2820 /* Base */ = {isa = PBXFileReference; lastKnownFileType = file.storyboard; name = Base; path = Base.lproj/Main.storyboard; sourceTree = "<group>"; };
		2EE630601C342A7800FF2820 /* Assets.xcassets */ = {isa = PBXFileReference; lastKnownFileType = folder.assetcatalog; path = Assets.xcassets; sourceTree = "<group>"; };
		2EE630631C342A7800FF2820 /* Base */ = {isa = PBXFileReference; lastKnownFileType = file.storyboard; name = Base; path = Base.lproj/LaunchScreen.storyboard; sourceTree = "<group>"; };
		2EE630651C342A7800FF2820 /* Info.plist */ = {isa = PBXFileReference; lastKnownFileType = text.plist.xml; path = Info.plist; sourceTree = "<group>"; };
		2EE6306E1C342A7800FF2820 /* startwarsTests.swift */ = {isa = PBXFileReference; lastKnownFileType = sourcecode.swift; path = startwarsTests.swift; sourceTree = "<group>"; };
		2EE630701C342A7800FF2820 /* Info.plist */ = {isa = PBXFileReference; lastKnownFileType = text.plist.xml; path = Info.plist; sourceTree = "<group>"; };
		2EE630791C342A7800FF2820 /* startwarsUITests.swift */ = {isa = PBXFileReference; lastKnownFileType = sourcecode.swift; path = startwarsUITests.swift; sourceTree = "<group>"; };
		2EE6307B1C342A7800FF2820 /* Info.plist */ = {isa = PBXFileReference; lastKnownFileType = text.plist.xml; path = Info.plist; sourceTree = "<group>"; };
		341CC056C27A66942F746587 /* Pods_startwars.framework */ = {isa = PBXFileReference; explicitFileType = wrapper.framework; includeInIndex = 0; path = Pods_startwars.framework; sourceTree = BUILT_PRODUCTS_DIR; };
		977DFF7C616D4D5C1D0D5264 /* Pods-startwars.release.xcconfig */ = {isa = PBXFileReference; includeInIndex = 1; lastKnownFileType = text.xcconfig; name = "Pods-startwars.release.xcconfig"; path = "Pods/Target Support Files/Pods-startwars/Pods-startwars.release.xcconfig"; sourceTree = "<group>"; };
		D795F8451BD3DC11B6BCFD64 /* Pods-startwars.debug.xcconfig */ = {isa = PBXFileReference; includeInIndex = 1; lastKnownFileType = text.xcconfig; name = "Pods-startwars.debug.xcconfig"; path = "Pods/Target Support Files/Pods-startwars/Pods-startwars.debug.xcconfig"; sourceTree = "<group>"; };
/* End PBXFileReference section */

/* Begin PBXFrameworksBuildPhase section */
		2EE630531C342A7800FF2820 /* Frameworks */ = {
			isa = PBXFrameworksBuildPhase;
			buildActionMask = 2147483647;
			files = (
				EF14993C6BD88A02D1DD8A56 /* Pods_startwars.framework in Frameworks */,
			);
			runOnlyForDeploymentPostprocessing = 0;
		};
/* End PBXFrameworksBuildPhase section */

/* Begin PBXGroup section */
		0B17FDAD45E0C45A4287AF3A /* Frameworks */ = {
			isa = PBXGroup;
			children = (
				2240963FAC3B4D9CFA21CF6C /* Pods.framework */,
				341CC056C27A66942F746587 /* Pods_startwars.framework */,
			);
			name = Frameworks;
			sourceTree = "<group>";
		};
		2E48ACF51C342E4B00E59DE5 /* Model */ = {
			isa = PBXGroup;
			children = (
				2E48ACF81C342E7300E59DE5 /* StarWarsSpecies.swift */,
				2E88BBC31D1AF2400018C946 /* AlamofireRequest.swift */,
				2E48ACFA1C34303200E59DE5 /* SpeciesWrapper.swift */,
			);
			name = Model;
			sourceTree = "<group>";
		};
		2E48ACF61C342E5000E59DE5 /* Controller */ = {
			isa = PBXGroup;
			children = (
				2EE6305B1C342A7800FF2820 /* ViewController.swift */,
				2E48ACFF1C3440BD00E59DE5 /* DetailViewController.swift */,
				2E7F32F91F672CCD00E68449 /* PopupVC.swift */,
			);
			name = Controller;
			sourceTree = "<group>";
		};
		2E48ACF71C342E5700E59DE5 /* View */ = {
			isa = PBXGroup;
			children = (
				2EE6305D1C342A7800FF2820 /* Main.storyboard */,
			);
			name = View;
			sourceTree = "<group>";
		};
		2E48ACFC1C34405E00E59DE5 /* Util */ = {
			isa = PBXGroup;
			children = (
				2EC8C1C71F2C244000B69538 /* BeatAnimator.swift */,
				2E0E9A841C3498F600CB2B8A /* ImageSearchResult.swift */,
				2E48ACFD1C34406900E59DE5 /* StringArrayConvertible.swift */,
				2E0E9A821C34976000CB2B8A /* DuckDuckGoSearchController.swift */,
			);
			name = Util;
			sourceTree = "<group>";
		};
		2EBE48191C497CE000F811A5 /* thema */ = {
			isa = PBXGroup;
			children = (
				2EBE481A1C497CED00F811A5 /* Theme.swift */,
			);
			name = thema;
			sourceTree = "<group>";
		};
		2EE6304D1C342A7800FF2820 = {
			isa = PBXGroup;
			children = (
				2EE630591C342A7800FF2820 /* AppDelegate.swift */,
				2E911BF01C56A764003BB91D /* Licensed Swift File.swift */,
				2EE630581C342A7800FF2820 /* startwars */,
				2EE6306D1C342A7800FF2820 /* startwarsTests */,
				2EE630781C342A7800FF2820 /* startwarsUITests */,
				2EE630571C342A7800FF2820 /* Products */,
				0B17FDAD45E0C45A4287AF3A /* Frameworks */,
				A6E033513E4067BBFA1F7591 /* Pods */,
			);
			sourceTree = "<group>";
		};
		2EE630571C342A7800FF2820 /* Products */ = {
			isa = PBXGroup;
			children = (
				2EE630561C342A7800FF2820 /* startwars.app */,
			);
			name = Products;
			sourceTree = "<group>";
		};
		2EE630581C342A7800FF2820 /* startwars */ = {
			isa = PBXGroup;
			children = (
				2EBE48191C497CE000F811A5 /* thema */,
				2E48ACFC1C34405E00E59DE5 /* Util */,
				2E48ACF71C342E5700E59DE5 /* View */,
				2E48ACF61C342E5000E59DE5 /* Controller */,
				2E48ACF51C342E4B00E59DE5 /* Model */,
				2EE630601C342A7800FF2820 /* Assets.xcassets */,
				2EE630621C342A7800FF2820 /* LaunchScreen.storyboard */,
				2EE630651C342A7800FF2820 /* Info.plist */,
			);
			path = startwars;
			sourceTree = "<group>";
		};
		2EE6306D1C342A7800FF2820 /* startwarsTests */ = {
			isa = PBXGroup;
			children = (
				2EE6306E1C342A7800FF2820 /* startwarsTests.swift */,
				2EE630701C342A7800FF2820 /* Info.plist */,
			);
			path = startwarsTests;
			sourceTree = "<group>";
		};
		2EE630781C342A7800FF2820 /* startwarsUITests */ = {
			isa = PBXGroup;
			children = (
				2EE630791C342A7800FF2820 /* startwarsUITests.swift */,
				2EE6307B1C342A7800FF2820 /* Info.plist */,
			);
			path = startwarsUITests;
			sourceTree = "<group>";
		};
		A6E033513E4067BBFA1F7591 /* Pods */ = {
			isa = PBXGroup;
			children = (
				D795F8451BD3DC11B6BCFD64 /* Pods-startwars.debug.xcconfig */,
				977DFF7C616D4D5C1D0D5264 /* Pods-startwars.release.xcconfig */,
			);
			name = Pods;
			sourceTree = "<group>";
		};
/* End PBXGroup section */

/* Begin PBXNativeTarget section */
		2EE630551C342A7800FF2820 /* startwars */ = {
			isa = PBXNativeTarget;
			buildConfigurationList = 2EE6307E1C342A7800FF2820 /* Build configuration list for PBXNativeTarget "startwars" */;
			buildPhases = (
				6AE9165668D9FAE08682B52F /* [CP] Check Pods Manifest.lock */,
				2EE630521C342A7800FF2820 /* Sources */,
				2EE630531C342A7800FF2820 /* Frameworks */,
				2EE630541C342A7800FF2820 /* Resources */,
				AE8E068A1463CE30B5C3CE9D /* [CP] Embed Pods Frameworks */,
				39F8EF46CBA5D98C6EA72D66 /* [CP] Copy Pods Resources */,
				2E2ADC6D1F337D6900FA4EFD /* ShellScript */,
			);
			buildRules = (
			);
			dependencies = (
			);
			name = startwars;
			productName = startwars;
			productReference = 2EE630561C342A7800FF2820 /* startwars.app */;
			productType = "com.apple.product-type.application";
		};
/* End PBXNativeTarget section */

/* Begin PBXProject section */
		2EE6304E1C342A7800FF2820 /* Project object */ = {
			isa = PBXProject;
			attributes = {
				LastSwiftUpdateCheck = 0720;
				LastUpgradeCheck = 0830;
				ORGANIZATIONNAME = "durul dalkanat";
				TargetAttributes = {
					2EE630551C342A7800FF2820 = {
						CreatedOnToolsVersion = 7.2;
						DevelopmentTeam = MVFU2L7FRK;
						LastSwiftMigration = 0800;
					};
				};
			};
			buildConfigurationList = 2EE630511C342A7800FF2820 /* Build configuration list for PBXProject "startwars" */;
			compatibilityVersion = "Xcode 6.3";
			developmentRegion = English;
			hasScannedForEncodings = 0;
			knownRegions = (
				en,
				Base,
			);
			mainGroup = 2EE6304D1C342A7800FF2820;
			productRefGroup = 2EE630571C342A7800FF2820 /* Products */;
			projectDirPath = "";
			projectRoot = "";
			targets = (
				2EE630551C342A7800FF2820 /* startwars */,
			);
		};
/* End PBXProject section */

/* Begin PBXResourcesBuildPhase section */
		2EE630541C342A7800FF2820 /* Resources */ = {
			isa = PBXResourcesBuildPhase;
			buildActionMask = 2147483647;
			files = (
				2EE630641C342A7800FF2820 /* LaunchScreen.storyboard in Resources */,
				2EE630611C342A7800FF2820 /* Assets.xcassets in Resources */,
				2EE6305F1C342A7800FF2820 /* Main.storyboard in Resources */,
			);
			runOnlyForDeploymentPostprocessing = 0;
		};
/* End PBXResourcesBuildPhase section */

/* Begin PBXShellScriptBuildPhase section */
		2E2ADC6D1F337D6900FA4EFD /* ShellScript */ = {
			isa = PBXShellScriptBuildPhase;
			buildActionMask = 2147483647;
			files = (
			);
			inputPaths = (
			);
			outputPaths = (
			);
			runOnlyForDeploymentPostprocessing = 0;
			shellPath = /bin/sh;
			shellScript = "TAGS=\"TODO:|FIXME:\"\necho \"searching ${SRCROOT} for ${TAGS}\"\nfind \"${SRCROOT}\" \\( -name \"*.swift\" \\) -print0 | xargs -0 egrep --with-filename --line-number --only-matching \"($TAGS).*\\$\" | perl -p -e \"s/($TAGS)/ warning: \\$1/\"";
		};
		39F8EF46CBA5D98C6EA72D66 /* [CP] Copy Pods Resources */ = {
			isa = PBXShellScriptBuildPhase;
			buildActionMask = 2147483647;
			files = (
			);
			inputPaths = (
			);
			name = "[CP] Copy Pods Resources";
			outputPaths = (
			);
			runOnlyForDeploymentPostprocessing = 0;
			shellPath = /bin/sh;
			shellScript = "\"${SRCROOT}/Pods/Target Support Files/Pods-startwars/Pods-startwars-resources.sh\"\n";
			showEnvVarsInLog = 0;
		};
		6AE9165668D9FAE08682B52F /* [CP] Check Pods Manifest.lock */ = {
			isa = PBXShellScriptBuildPhase;
			buildActionMask = 2147483647;
			files = (
			);
			inputPaths = (
			);
			name = "[CP] Check Pods Manifest.lock";
			outputPaths = (
			);
			runOnlyForDeploymentPostprocessing = 0;
			shellPath = /bin/sh;
			shellScript = "diff \"${PODS_PODFILE_DIR_PATH}/Podfile.lock\" \"${PODS_ROOT}/Manifest.lock\" > /dev/null\nif [ $? != 0 ] ; then\n    # print error to STDERR\n    echo \"error: The sandbox is not in sync with the Podfile.lock. Run 'pod install' or update your CocoaPods installation.\" >&2\n    exit 1\nfi\n";
			showEnvVarsInLog = 0;
		};
		AE8E068A1463CE30B5C3CE9D /* [CP] Embed Pods Frameworks */ = {
			isa = PBXShellScriptBuildPhase;
			buildActionMask = 2147483647;
			files = (
			);
			inputPaths = (
			);
			name = "[CP] Embed Pods Frameworks";
			outputPaths = (
			);
			runOnlyForDeploymentPostprocessing = 0;
			shellPath = /bin/sh;
			shellScript = "\"${SRCROOT}/Pods/Target Support Files/Pods-startwars/Pods-startwars-frameworks.sh\"\n";
			showEnvVarsInLog = 0;
		};
/* End PBXShellScriptBuildPhase section */

/* Begin PBXSourcesBuildPhase section */
		2EE630521C342A7800FF2820 /* Sources */ = {
			isa = PBXSourcesBuildPhase;
			buildActionMask = 2147483647;
			files = (
				2EBE481B1C497CED00F811A5 /* Theme.swift in Sources */,
				2E0E9A831C34976000CB2B8A /* DuckDuckGoSearchController.swift in Sources */,
				2E88BBC41D1AF2400018C946 /* AlamofireRequest.swift in Sources */,
				2E48AD001C3440BD00E59DE5 /* DetailViewController.swift in Sources */,
				2EC8C1C81F2C244000B69538 /* BeatAnimator.swift in Sources */,
				2E0E9A851C3498F600CB2B8A /* ImageSearchResult.swift in Sources */,
				2E48ACFB1C34303200E59DE5 /* SpeciesWrapper.swift in Sources */,
				2E48ACF91C342E7300E59DE5 /* StarWarsSpecies.swift in Sources */,
				2E7F32FA1F672CCD00E68449 /* PopupVC.swift in Sources */,
				2E48ACFE1C34406900E59DE5 /* StringArrayConvertible.swift in Sources */,
				2EE6305C1C342A7800FF2820 /* ViewController.swift in Sources */,
				2E911BF11C56A764003BB91D /* Licensed Swift File.swift in Sources */,
				2EE6305A1C342A7800FF2820 /* AppDelegate.swift in Sources */,
			);
			runOnlyForDeploymentPostprocessing = 0;
		};
/* End PBXSourcesBuildPhase section */

/* Begin PBXVariantGroup section */
		2EE6305D1C342A7800FF2820 /* Main.storyboard */ = {
			isa = PBXVariantGroup;
			children = (
				2EE6305E1C342A7800FF2820 /* Base */,
			);
			name = Main.storyboard;
			sourceTree = "<group>";
		};
		2EE630621C342A7800FF2820 /* LaunchScreen.storyboard */ = {
			isa = PBXVariantGroup;
			children = (
				2EE630631C342A7800FF2820 /* Base */,
			);
			name = LaunchScreen.storyboard;
			sourceTree = "<group>";
		};
/* End PBXVariantGroup section */

/* Begin XCBuildConfiguration section */
		2EE6307C1C342A7800FF2820 /* Debug */ = {
			isa = XCBuildConfiguration;
			buildSettings = {
				ALWAYS_SEARCH_USER_PATHS = NO;
				CLANG_CXX_LANGUAGE_STANDARD = "gnu++0x";
				CLANG_CXX_LIBRARY = "libc++";
				CLANG_ENABLE_MODULES = YES;
				CLANG_ENABLE_OBJC_ARC = YES;
				CLANG_WARN_BOOL_CONVERSION = YES;
				CLANG_WARN_CONSTANT_CONVERSION = YES;
				CLANG_WARN_DIRECT_OBJC_ISA_USAGE = YES_ERROR;
				CLANG_WARN_EMPTY_BODY = YES;
				CLANG_WARN_ENUM_CONVERSION = YES;
				CLANG_WARN_INFINITE_RECURSION = YES;
				CLANG_WARN_INT_CONVERSION = YES;
				CLANG_WARN_OBJC_ROOT_CLASS = YES_ERROR;
				CLANG_WARN_SUSPICIOUS_MOVE = YES;
				CLANG_WARN_UNREACHABLE_CODE = YES;
				CLANG_WARN__DUPLICATE_METHOD_MATCH = YES;
				"CODE_SIGN_IDENTITY[sdk=iphoneos*]" = "iPhone Developer";
				COPY_PHASE_STRIP = NO;
				DEBUG_INFORMATION_FORMAT = dwarf;
				ENABLE_STRICT_OBJC_MSGSEND = YES;
				ENABLE_TESTABILITY = YES;
				GCC_C_LANGUAGE_STANDARD = gnu99;
				GCC_DYNAMIC_NO_PIC = NO;
				GCC_NO_COMMON_BLOCKS = YES;
				GCC_OPTIMIZATION_LEVEL = 0;
				GCC_PREPROCESSOR_DEFINITIONS = (
					"DEBUG=1",
					"$(inherited)",
				);
				GCC_WARN_64_TO_32_BIT_CONVERSION = YES;
				GCC_WARN_ABOUT_RETURN_TYPE = YES_ERROR;
				GCC_WARN_UNDECLARED_SELECTOR = YES;
				GCC_WARN_UNINITIALIZED_AUTOS = YES_AGGRESSIVE;
				GCC_WARN_UNUSED_FUNCTION = YES;
				GCC_WARN_UNUSED_VARIABLE = YES;
				IPHONEOS_DEPLOYMENT_TARGET = 10.2;
				MTL_ENABLE_DEBUG_INFO = YES;
				ONLY_ACTIVE_ARCH = YES;
				OTHER_LDFLAGS = (
					"-ObjC",
					"-Xfrontend",
					"-debug-time-function-bodies",
				);
				OTHER_SWIFT_FLAGS = "-Onone";
				SDKROOT = iphoneos;
				SWIFT_OPTIMIZATION_LEVEL = "-Owholemodule";
			};
			name = Debug;
		};
		2EE6307D1C342A7800FF2820 /* Release */ = {
			isa = XCBuildConfiguration;
			buildSettings = {
				ALWAYS_SEARCH_USER_PATHS = NO;
				CLANG_CXX_LANGUAGE_STANDARD = "gnu++0x";
				CLANG_CXX_LIBRARY = "libc++";
				CLANG_ENABLE_MODULES = YES;
				CLANG_ENABLE_OBJC_ARC = YES;
				CLANG_WARN_BOOL_CONVERSION = YES;
				CLANG_WARN_CONSTANT_CONVERSION = YES;
				CLANG_WARN_DIRECT_OBJC_ISA_USAGE = YES_ERROR;
				CLANG_WARN_EMPTY_BODY = YES;
				CLANG_WARN_ENUM_CONVERSION = YES;
				CLANG_WARN_INFINITE_RECURSION = YES;
				CLANG_WARN_INT_CONVERSION = YES;
				CLANG_WARN_OBJC_ROOT_CLASS = YES_ERROR;
				CLANG_WARN_SUSPICIOUS_MOVE = YES;
				CLANG_WARN_UNREACHABLE_CODE = YES;
				CLANG_WARN__DUPLICATE_METHOD_MATCH = YES;
				"CODE_SIGN_IDENTITY[sdk=iphoneos*]" = "iPhone Developer";
				COPY_PHASE_STRIP = NO;
				DEBUG_INFORMATION_FORMAT = "dwarf-with-dsym";
				ENABLE_NS_ASSERTIONS = NO;
				ENABLE_STRICT_OBJC_MSGSEND = YES;
				GCC_C_LANGUAGE_STANDARD = gnu99;
				GCC_NO_COMMON_BLOCKS = YES;
				GCC_WARN_64_TO_32_BIT_CONVERSION = YES;
				GCC_WARN_ABOUT_RETURN_TYPE = YES_ERROR;
				GCC_WARN_UNDECLARED_SELECTOR = YES;
				GCC_WARN_UNINITIALIZED_AUTOS = YES_AGGRESSIVE;
				GCC_WARN_UNUSED_FUNCTION = YES;
				GCC_WARN_UNUSED_VARIABLE = YES;
				IPHONEOS_DEPLOYMENT_TARGET = 10.2;
				MTL_ENABLE_DEBUG_INFO = NO;
				OTHER_LDFLAGS = (
					"-ObjC",
					"-Xfrontend",
					"-debug-time-function-bodies",
				);
				SDKROOT = iphoneos;
				SWIFT_OPTIMIZATION_LEVEL = "-Owholemodule";
				VALIDATE_PRODUCT = YES;
			};
			name = Release;
		};
		2EE6307F1C342A7800FF2820 /* Debug */ = {
			isa = XCBuildConfiguration;
			baseConfigurationReference = D795F8451BD3DC11B6BCFD64 /* Pods-startwars.debug.xcconfig */;
			buildSettings = {
				ALWAYS_EMBED_SWIFT_STANDARD_LIBRARIES = YES;
				ASSETCATALOG_COMPILER_APPICON_NAME = AppIcon;
				DEVELOPMENT_TEAM = MVFU2L7FRK;
				INFOPLIST_FILE = startwars/Info.plist;
				LD_RUNPATH_SEARCH_PATHS = "$(inherited) @executable_path/Frameworks";
				OTHER_SWIFT_FLAGS = "$(inherited) \"-D\" \"COCOAPODS\" -Xfrontend -debug-time-function-bodies";
				PRODUCT_BUNDLE_IDENTIFIER = com.durul.startwars;
				PRODUCT_NAME = "$(TARGET_NAME)";
				SWIFT_VERSION = 3.0;
			};
			name = Debug;
		};
		2EE630801C342A7800FF2820 /* Release */ = {
			isa = XCBuildConfiguration;
			baseConfigurationReference = 977DFF7C616D4D5C1D0D5264 /* Pods-startwars.release.xcconfig */;
			buildSettings = {
				ALWAYS_EMBED_SWIFT_STANDARD_LIBRARIES = YES;
				ASSETCATALOG_COMPILER_APPICON_NAME = AppIcon;
				DEVELOPMENT_TEAM = MVFU2L7FRK;
				INFOPLIST_FILE = startwars/Info.plist;
				LD_RUNPATH_SEARCH_PATHS = "$(inherited) @executable_path/Frameworks";
				OTHER_SWIFT_FLAGS = "$(inherited) \"-D\" \"COCOAPODS\" -Xfrontend -debug-time-function-bodies";
				PRODUCT_BUNDLE_IDENTIFIER = com.durul.startwars;
				PRODUCT_NAME = "$(TARGET_NAME)";
				SWIFT_VERSION = 3.0;
			};
			name = Release;
		};
/* End XCBuildConfiguration section */

/* Begin XCConfigurationList section */
		2EE630511C342A7800FF2820 /* Build configuration list for PBXProject "startwars" */ = {
			isa = XCConfigurationList;
			buildConfigurations = (
				2EE6307C1C342A7800FF2820 /* Debug */,
				2EE6307D1C342A7800FF2820 /* Release */,
			);
			defaultConfigurationIsVisible = 0;
			defaultConfigurationName = Release;
		};
		2EE6307E1C342A7800FF2820 /* Build configuration list for PBXNativeTarget "startwars" */ = {
			isa = XCConfigurationList;
			buildConfigurations = (
				2EE6307F1C342A7800FF2820 /* Debug */,
				2EE630801C342A7800FF2820 /* Release */,
			);
			defaultConfigurationIsVisible = 0;
			defaultConfigurationName = Release;
		};
/* End XCConfigurationList section */
	};
	rootObject = 2EE6304E1C342A7800FF2820 /* Project object */;
}
